// !$*UTF8*$!
{
	archiveVersion = 1;
	classes = {
	};
	objectVersion = 77;
	objects = {

/* Begin PBXContainerItemProxy section */
		00722A5A2CF0ECAB00D474F6 /* PBXContainerItemProxy */ = {
			isa = PBXContainerItemProxy;
			containerPortal = 00722A3B2CF0ECA900D474F6 /* Project object */;
			proxyType = 1;
			remoteGlobalIDString = 00722A422CF0ECA900D474F6;
			remoteInfo = Tdd1;
		};
		00722A642CF0ECAB00D474F6 /* PBXContainerItemProxy */ = {
			isa = PBXContainerItemProxy;
			containerPortal = 00722A3B2CF0ECA900D474F6 /* Project object */;
			proxyType = 1;
			remoteGlobalIDString = 00722A422CF0ECA900D474F6;
			remoteInfo = Tdd1;
		};
/* End PBXContainerItemProxy section */

/* Begin PBXFileReference section */
		00722A432CF0ECA900D474F6 /* Tdd1.app */ = {isa = PBXFileReference; explicitFileType = wrapper.application; includeInIndex = 0; path = Tdd1.app; sourceTree = BUILT_PRODUCTS_DIR; };
		00722A592CF0ECAB00D474F6 /* Tdd1Tests.xctest */ = {isa = PBXFileReference; explicitFileType = wrapper.cfbundle; includeInIndex = 0; path = Tdd1Tests.xctest; sourceTree = BUILT_PRODUCTS_DIR; };
		00722A632CF0ECAB00D474F6 /* Tdd1UITests.xctest */ = {isa = PBXFileReference; explicitFileType = wrapper.cfbundle; includeInIndex = 0; path = Tdd1UITests.xctest; sourceTree = BUILT_PRODUCTS_DIR; };
/* End PBXFileReference section */

/* Begin PBXFileSystemSynchronizedBuildFileExceptionSet section */
		00722A6B2CF0ECAB00D474F6 /* Exceptions for "Tdd1" folder in "Tdd1" target */ = {
			isa = PBXFileSystemSynchronizedBuildFileExceptionSet;
			membershipExceptions = (
				Info.plist,
			);
			target = 00722A422CF0ECA900D474F6 /* Tdd1 */;
		};
/* End PBXFileSystemSynchronizedBuildFileExceptionSet section */

/* Begin PBXFileSystemSynchronizedRootGroup section */
		00722A452CF0ECA900D474F6 /* Tdd1 */ = {
			isa = PBXFileSystemSynchronizedRootGroup;
			exceptions = (
				00722A6B2CF0ECAB00D474F6 /* Exceptions for "Tdd1" folder in "Tdd1" target */,
			);
			path = Tdd1;
			sourceTree = "<group>";
		};
		00722A5C2CF0ECAB00D474F6 /* Tdd1Tests */ = {
			isa = PBXFileSystemSynchronizedRootGroup;
			path = Tdd1Tests;
			sourceTree = "<group>";
		};
		00722A662CF0ECAB00D474F6 /* Tdd1UITests */ = {
			isa = PBXFileSystemSynchronizedRootGroup;
			path = Tdd1UITests;
			sourceTree = "<group>";
		};
/* End PBXFileSystemSynchronizedRootGroup section */

/* Begin PBXFrameworksBuildPhase section */
		00722A402CF0ECA900D474F6 /* Frameworks */ = {
			isa = PBXFrameworksBuildPhase;
			buildActionMask = 2147483647;
			files = (
			);
			runOnlyForDeploymentPostprocessing = 0;
		};
		00722A562CF0ECAB00D474F6 /* Frameworks */ = {
			isa = PBXFrameworksBuildPhase;
			buildActionMask = 2147483647;
			files = (
			);
			runOnlyForDeploymentPostprocessing = 0;
		};
		00722A602CF0ECAB00D474F6 /* Frameworks */ = {
			isa = PBXFrameworksBuildPhase;
			buildActionMask = 2147483647;
			files = (
			);
			runOnlyForDeploymentPostprocessing = 0;
		};
/* End PBXFrameworksBuildPhase section */

/* Begin PBXGroup section */
		00722A3A2CF0ECA900D474F6 = {
			isa = PBXGroup;
			children = (
				00722A452CF0ECA900D474F6 /* Tdd1 */,
				00722A5C2CF0ECAB00D474F6 /* Tdd1Tests */,
				00722A662CF0ECAB00D474F6 /* Tdd1UITests */,
				00722A442CF0ECA900D474F6 /* Products */,
			);
			sourceTree = "<group>";
		};
		00722A442CF0ECA900D474F6 /* Products */ = {
			isa = PBXGroup;
			children = (
				00722A432CF0ECA900D474F6 /* Tdd1.app */,
				00722A592CF0ECAB00D474F6 /* Tdd1Tests.xctest */,
				00722A632CF0ECAB00D474F6 /* Tdd1UITests.xctest */,
			);
			name = Products;
			sourceTree = "<group>";
		};
/* End PBXGroup section */

/* Begin PBXNativeTarget section */
		00722A422CF0ECA900D474F6 /* Tdd1 */ = {
			isa = PBXNativeTarget;
			buildConfigurationList = 00722A6C2CF0ECAB00D474F6 /* Build configuration list for PBXNativeTarget "Tdd1" */;
			buildPhases = (
				00722A3F2CF0ECA900D474F6 /* Sources */,
				00722A402CF0ECA900D474F6 /* Frameworks */,
				00722A412CF0ECA900D474F6 /* Resources */,
			);
			buildRules = (
			);
			dependencies = (
			);
			fileSystemSynchronizedGroups = (
				00722A452CF0ECA900D474F6 /* Tdd1 */,
			);
			name = Tdd1;
			packageProductDependencies = (
			);
			productName = Tdd1;
			productReference = 00722A432CF0ECA900D474F6 /* Tdd1.app */;
			productType = "com.apple.product-type.application";
		};
		00722A582CF0ECAB00D474F6 /* Tdd1Tests */ = {
			isa = PBXNativeTarget;
			buildConfigurationList = 00722A712CF0ECAB00D474F6 /* Build configuration list for PBXNativeTarget "Tdd1Tests" */;
			buildPhases = (
				00722A552CF0ECAB00D474F6 /* Sources */,
				00722A562CF0ECAB00D474F6 /* Frameworks */,
				00722A572CF0ECAB00D474F6 /* Resources */,
			);
			buildRules = (
			);
			dependencies = (
				00722A5B2CF0ECAB00D474F6 /* PBXTargetDependency */,
			);
			fileSystemSynchronizedGroups = (
				00722A5C2CF0ECAB00D474F6 /* Tdd1Tests */,
			);
			name = Tdd1Tests;
			packageProductDependencies = (
			);
			productName = Tdd1Tests;
			productReference = 00722A592CF0ECAB00D474F6 /* Tdd1Tests.xctest */;
			productType = "com.apple.product-type.bundle.unit-test";
		};
		00722A622CF0ECAB00D474F6 /* Tdd1UITests */ = {
			isa = PBXNativeTarget;
			buildConfigurationList = 00722A742CF0ECAB00D474F6 /* Build configuration list for PBXNativeTarget "Tdd1UITests" */;
			buildPhases = (
				00722A5F2CF0ECAB00D474F6 /* Sources */,
				00722A602CF0ECAB00D474F6 /* Frameworks */,
				00722A612CF0ECAB00D474F6 /* Resources */,
			);
			buildRules = (
			);
			dependencies = (
				00722A652CF0ECAB00D474F6 /* PBXTargetDependency */,
			);
			fileSystemSynchronizedGroups = (
				00722A662CF0ECAB00D474F6 /* Tdd1UITests */,
			);
			name = Tdd1UITests;
			packageProductDependencies = (
			);
			productName = Tdd1UITests;
			productReference = 00722A632CF0ECAB00D474F6 /* Tdd1UITests.xctest */;
			productType = "com.apple.product-type.bundle.ui-testing";
		};
/* End PBXNativeTarget section */

/* Begin PBXProject section */
		00722A3B2CF0ECA900D474F6 /* Project object */ = {
			isa = PBXProject;
			attributes = {
				BuildIndependentTargetsInParallel = 1;
				LastSwiftUpdateCheck = 1600;
				LastUpgradeCheck = 1600;
				TargetAttributes = {
					00722A422CF0ECA900D474F6 = {
						CreatedOnToolsVersion = 16.0;
					};
					00722A582CF0ECAB00D474F6 = {
						CreatedOnToolsVersion = 16.0;
						TestTargetID = 00722A422CF0ECA900D474F6;
					};
					00722A622CF0ECAB00D474F6 = {
						CreatedOnToolsVersion = 16.0;
						TestTargetID = 00722A422CF0ECA900D474F6;
					};
				};
			};
			buildConfigurationList = 00722A3E2CF0ECA900D474F6 /* Build configuration list for PBXProject "Tdd1" */;
			developmentRegion = en;
			hasScannedForEncodings = 0;
			knownRegions = (
				en,
				Base,
			);
			mainGroup = 00722A3A2CF0ECA900D474F6;
			minimizedProjectReferenceProxies = 1;
			preferredProjectObjectVersion = 77;
			productRefGroup = 00722A442CF0ECA900D474F6 /* Products */;
			projectDirPath = "";
			projectRoot = "";
			targets = (
				00722A422CF0ECA900D474F6 /* Tdd1 */,
				00722A582CF0ECAB00D474F6 /* Tdd1Tests */,
				00722A622CF0ECAB00D474F6 /* Tdd1UITests */,
			);
		};
/* End PBXProject section */

/* Begin PBXResourcesBuildPhase section */
		00722A412CF0ECA900D474F6 /* Resources */ = {
			isa = PBXResourcesBuildPhase;
			buildActionMask = 2147483647;
			files = (
			);
			runOnlyForDeploymentPostprocessing = 0;
		};
		00722A572CF0ECAB00D474F6 /* Resources */ = {
			isa = PBXResourcesBuildPhase;
			buildActionMask = 2147483647;
			files = (
			);
			runOnlyForDeploymentPostprocessing = 0;
		};
		00722A612CF0ECAB00D474F6 /* Resources */ = {
			isa = PBXResourcesBuildPhase;
			buildActionMask = 2147483647;
			files = (
			);
			runOnlyForDeploymentPostprocessing = 0;
		};
/* End PBXResourcesBuildPhase section */

/* Begin PBXSourcesBuildPhase section */
		00722A3F2CF0ECA900D474F6 /* Sources */ = {
			isa = PBXSourcesBuildPhase;
			buildActionMask = 2147483647;
			files = (
			);
			runOnlyForDeploymentPostprocessing = 0;
		};
		00722A552CF0ECAB00D474F6 /* Sources */ = {
			isa = PBXSourcesBuildPhase;
			buildActionMask = 2147483647;
			files = (
			);
			runOnlyForDeploymentPostprocessing = 0;
		};
		00722A5F2CF0ECAB00D474F6 /* Sources */ = {
			isa = PBXSourcesBuildPhase;
			buildActionMask = 2147483647;
			files = (
			);
			runOnlyForDeploymentPostprocessing = 0;
		};
/* End PBXSourcesBuildPhase section */

/* Begin PBXTargetDependency section */
		00722A5B2CF0ECAB00D474F6 /* PBXTargetDependency */ = {
			isa = PBXTargetDependency;
			target = 00722A422CF0ECA900D474F6 /* Tdd1 */;
			targetProxy = 00722A5A2CF0ECAB00D474F6 /* PBXContainerItemProxy */;
		};
		00722A652CF0ECAB00D474F6 /* PBXTargetDependency */ = {
			isa = PBXTargetDependency;
			target = 00722A422CF0ECA900D474F6 /* Tdd1 */;
			targetProxy = 00722A642CF0ECAB00D474F6 /* PBXContainerItemProxy */;
		};
/* End PBXTargetDependency section */

/* Begin XCBuildConfiguration section */
		00722A6D2CF0ECAB00D474F6 /* Debug */ = {
			isa = XCBuildConfiguration;
			buildSettings = {
				ASSETCATALOG_COMPILER_APPICON_NAME = AppIcon;
				ASSETCATALOG_COMPILER_GLOBAL_ACCENT_COLOR_NAME = AccentColor;
				CODE_SIGN_STYLE = Automatic;
				CURRENT_PROJECT_VERSION = 1;
				DEVELOPMENT_TEAM = AZ7377FV92;
				GENERATE_INFOPLIST_FILE = YES;
				INFOPLIST_FILE = Tdd1/Info.plist;
				INFOPLIST_KEY_UIApplicationSupportsIndirectInputEvents = YES;
				INFOPLIST_KEY_UILaunchStoryboardName = LaunchScreen;
				INFOPLIST_KEY_UIMainStoryboardFile = Main;
				INFOPLIST_KEY_UISupportedInterfaceOrientations_iPad = "UIInterfaceOrientationPortrait UIInterfaceOrientationPortraitUpsideDown UIInterfaceOrientationLandscapeLeft UIInterfaceOrientationLandscapeRight";
				INFOPLIST_KEY_UISupportedInterfaceOrientations_iPhone = "UIInterfaceOrientationPortrait UIInterfaceOrientationLandscapeLeft UIInterfaceOrientationLandscapeRight";
				LD_RUNPATH_SEARCH_PATHS = (
					"$(inherited)",
					"@executable_path/Frameworks",
				);
				MARKETING_VERSION = 1.0;
				PRODUCT_BUNDLE_IDENTIFIER = com.dharmamithra.Tdd1;
				PRODUCT_NAME = "$(TARGET_NAME)";
				SWIFT_EMIT_LOC_STRINGS = YES;
				SWIFT_VERSION = 5.0;
				TARGETED_DEVICE_FAMILY = "1,2";
			};
			name = Debug;
		};
		00722A6E2CF0ECAB00D474F6 /* Release */ = {
			isa = XCBuildConfiguration;
			buildSettings = {
				ASSETCATALOG_COMPILER_APPICON_NAME = AppIcon;
				ASSETCATALOG_COMPILER_GLOBAL_ACCENT_COLOR_NAME = AccentColor;
				CODE_SIGN_STYLE = Automatic;
				CURRENT_PROJECT_VERSION = 1;
				DEVELOPMENT_TEAM = AZ7377FV92;
				GENERATE_INFOPLIST_FILE = YES;
				INFOPLIST_FILE = Tdd1/Info.plist;
				INFOPLIST_KEY_UIApplicationSupportsIndirectInputEvents = YES;
				INFOPLIST_KEY_UILaunchStoryboardName = LaunchScreen;
				INFOPLIST_KEY_UIMainStoryboardFile = Main;
				INFOPLIST_KEY_UISupportedInterfaceOrientations_iPad = "UIInterfaceOrientationPortrait UIInterfaceOrientationPortraitUpsideDown UIInterfaceOrientationLandscapeLeft UIInterfaceOrientationLandscapeRight";
				INFOPLIST_KEY_UISupportedInterfaceOrientations_iPhone = "UIInterfaceOrientationPortrait UIInterfaceOrientationLandscapeLeft UIInterfaceOrientationLandscapeRight";
				LD_RUNPATH_SEARCH_PATHS = (
					"$(inherited)",
					"@executable_path/Frameworks",
				);
				MARKETING_VERSION = 1.0;
				PRODUCT_BUNDLE_IDENTIFIER = com.dharmamithra.Tdd1;
				PRODUCT_NAME = "$(TARGET_NAME)";
				SWIFT_EMIT_LOC_STRINGS = YES;
				SWIFT_VERSION = 5.0;
				TARGETED_DEVICE_FAMILY = "1,2";
			};
			name = Release;
		};
		00722A6F2CF0ECAB00D474F6 /* Debug */ = {
			isa = XCBuildConfiguration;
			buildSettings = {
				ALWAYS_SEARCH_USER_PATHS = NO;
				ASSETCATALOG_COMPILER_GENERATE_SWIFT_ASSET_SYMBOL_EXTENSIONS = YES;
				CLANG_ANALYZER_NONNULL = YES;
				CLANG_ANALYZER_NUMBER_OBJECT_CONVERSION = YES_AGGRESSIVE;
				CLANG_CXX_LANGUAGE_STANDARD = "gnu++20";
				CLANG_ENABLE_MODULES = YES;
				CLANG_ENABLE_OBJC_ARC = YES;
				CLANG_ENABLE_OBJC_WEAK = YES;
				CLANG_WARN_BLOCK_CAPTURE_AUTORELEASING = YES;
				CLANG_WARN_BOOL_CONVERSION = YES;
				CLANG_WARN_COMMA = YES;
				CLANG_WARN_CONSTANT_CONVERSION = YES;
				CLANG_WARN_DEPRECATED_OBJC_IMPLEMENTATIONS = YES;
				CLANG_WARN_DIRECT_OBJC_ISA_USAGE = YES_ERROR;
				CLANG_WARN_DOCUMENTATION_COMMENTS = YES;
				CLANG_WARN_EMPTY_BODY = YES;
				CLANG_WARN_ENUM_CONVERSION = YES;
				CLANG_WARN_INFINITE_RECURSION = YES;
				CLANG_WARN_INT_CONVERSION = YES;
				CLANG_WARN_NON_LITERAL_NULL_CONVERSION = YES;
				CLANG_WARN_OBJC_IMPLICIT_RETAIN_SELF = YES;
				CLANG_WARN_OBJC_LITERAL_CONVERSION = YES;
				CLANG_WARN_OBJC_ROOT_CLASS = YES_ERROR;
				CLANG_WARN_QUOTED_INCLUDE_IN_FRAMEWORK_HEADER = YES;
				CLANG_WARN_RANGE_LOOP_ANALYSIS = YES;
				CLANG_WARN_STRICT_PROTOTYPES = YES;
				CLANG_WARN_SUSPICIOUS_MOVE = YES;
				CLANG_WARN_UNGUARDED_AVAILABILITY = YES_AGGRESSIVE;
				CLANG_WARN_UNREACHABLE_CODE = YES;
				CLANG_WARN__DUPLICATE_METHOD_MATCH = YES;
				COPY_PHASE_STRIP = NO;
				DEBUG_INFORMATION_FORMAT = dwarf;
				ENABLE_STRICT_OBJC_MSGSEND = YES;
				ENABLE_TESTABILITY = YES;
				ENABLE_USER_SCRIPT_SANDBOXING = YES;
				GCC_C_LANGUAGE_STANDARD = gnu17;
				GCC_DYNAMIC_NO_PIC = NO;
				GCC_NO_COMMON_BLOCKS = YES;
				GCC_OPTIMIZATION_LEVEL = 0;
				GCC_PREPROCESSOR_DEFINITIONS = (
					"DEBUG=1",
					"$(inherited)",
				);
				GCC_WARN_64_TO_32_BIT_CONVERSION = YES;
				GCC_WARN_ABOUT_RETURN_TYPE = YES_ERROR;
				GCC_WARN_UNDECLARED_SELECTOR = YES;
				GCC_WARN_UNINITIALIZED_AUTOS = YES_AGGRESSIVE;
				GCC_WARN_UNUSED_FUNCTION = YES;
				GCC_WARN_UNUSED_VARIABLE = YES;
				IPHONEOS_DEPLOYMENT_TARGET = 18.0;
				LOCALIZATION_PREFERS_STRING_CATALOGS = YES;
				MTL_ENABLE_DEBUG_INFO = INCLUDE_SOURCE;
				MTL_FAST_MATH = YES;
				ONLY_ACTIVE_ARCH = YES;
				SDKROOT = iphoneos;
				SWIFT_ACTIVE_COMPILATION_CONDITIONS = "DEBUG $(inherited)";
				SWIFT_OPTIMIZATION_LEVEL = "-Onone";
			};
			name = Debug;
		};
		00722A702CF0ECAB00D474F6 /* Release */ = {
			isa = XCBuildConfiguration;
			buildSettings = {
				ALWAYS_SEARCH_USER_PATHS = NO;
				ASSETCATALOG_COMPILER_GENERATE_SWIFT_ASSET_SYMBOL_EXTENSIONS = YES;
				CLANG_ANALYZER_NONNULL = YES;
				CLANG_ANALYZER_NUMBER_OBJECT_CONVERSION = YES_AGGRESSIVE;
				CLANG_CXX_LANGUAGE_STANDARD = "gnu++20";
				CLANG_ENABLE_MODULES = YES;
				CLANG_ENABLE_OBJC_ARC = YES;
				CLANG_ENABLE_OBJC_WEAK = YES;
				CLANG_WARN_BLOCK_CAPTURE_AUTORELEASING = YES;
				CLANG_WARN_BOOL_CONVERSION = YES;
				CLANG_WARN_COMMA = YES;
				CLANG_WARN_CONSTANT_CONVERSION = YES;
				CLANG_WARN_DEPRECATED_OBJC_IMPLEMENTATIONS = YES;
				CLANG_WARN_DIRECT_OBJC_ISA_USAGE = YES_ERROR;
				CLANG_WARN_DOCUMENTATION_COMMENTS = YES;
				CLANG_WARN_EMPTY_BODY = YES;
				CLANG_WARN_ENUM_CONVERSION = YES;
				CLANG_WARN_INFINITE_RECURSION = YES;
				CLANG_WARN_INT_CONVERSION = YES;
				CLANG_WARN_NON_LITERAL_NULL_CONVERSION = YES;
				CLANG_WARN_OBJC_IMPLICIT_RETAIN_SELF = YES;
				CLANG_WARN_OBJC_LITERAL_CONVERSION = YES;
				CLANG_WARN_OBJC_ROOT_CLASS = YES_ERROR;
				CLANG_WARN_QUOTED_INCLUDE_IN_FRAMEWORK_HEADER = YES;
				CLANG_WARN_RANGE_LOOP_ANALYSIS = YES;
				CLANG_WARN_STRICT_PROTOTYPES = YES;
				CLANG_WARN_SUSPICIOUS_MOVE = YES;
				CLANG_WARN_UNGUARDED_AVAILABILITY = YES_AGGRESSIVE;
				CLANG_WARN_UNREACHABLE_CODE = YES;
				CLANG_WARN__DUPLICATE_METHOD_MATCH = YES;
				COPY_PHASE_STRIP = NO;
				DEBUG_INFORMATION_FORMAT = "dwarf-with-dsym";
				ENABLE_NS_ASSERTIONS = NO;
				ENABLE_STRICT_OBJC_MSGSEND = YES;
				ENABLE_USER_SCRIPT_SANDBOXING = YES;
				GCC_C_LANGUAGE_STANDARD = gnu17;
				GCC_NO_COMMON_BLOCKS = YES;
				GCC_WARN_64_TO_32_BIT_CONVERSION = YES;
				GCC_WARN_ABOUT_RETURN_TYPE = YES_ERROR;
				GCC_WARN_UNDECLARED_SELECTOR = YES;
				GCC_WARN_UNINITIALIZED_AUTOS = YES_AGGRESSIVE;
				GCC_WARN_UNUSED_FUNCTION = YES;
				GCC_WARN_UNUSED_VARIABLE = YES;
				IPHONEOS_DEPLOYMENT_TARGET = 18.0;
				LOCALIZATION_PREFERS_STRING_CATALOGS = YES;
				MTL_ENABLE_DEBUG_INFO = NO;
				MTL_FAST_MATH = YES;
				SDKROOT = iphoneos;
				SWIFT_COMPILATION_MODE = wholemodule;
				VALIDATE_PRODUCT = YES;
			};
			name = Release;
		};
		00722A722CF0ECAB00D474F6 /* Debug */ = {
			isa = XCBuildConfiguration;
			buildSettings = {
				BUNDLE_LOADER = "$(TEST_HOST)";
				CODE_SIGN_STYLE = Automatic;
				CURRENT_PROJECT_VERSION = 1;
				DEVELOPMENT_TEAM = AZ7377FV92;
				GENERATE_INFOPLIST_FILE = YES;
				IPHONEOS_DEPLOYMENT_TARGET = 18.0;
				MARKETING_VERSION = 1.0;
				PRODUCT_BUNDLE_IDENTIFIER = com.dharmamithra.Tdd1Tests;
				PRODUCT_NAME = "$(TARGET_NAME)";
				SWIFT_EMIT_LOC_STRINGS = NO;
				SWIFT_VERSION = 5.0;
				TARGETED_DEVICE_FAMILY = "1,2";
				TEST_HOST = "$(BUILT_PRODUCTS_DIR)/Tdd1.app/$(BUNDLE_EXECUTABLE_FOLDER_PATH)/Tdd1";
			};
			name = Debug;
		};
		00722A732CF0ECAB00D474F6 /* Release */ = {
			isa = XCBuildConfiguration;
			buildSettings = {
				BUNDLE_LOADER = "$(TEST_HOST)";
				CODE_SIGN_STYLE = Automatic;
				CURRENT_PROJECT_VERSION = 1;
				DEVELOPMENT_TEAM = AZ7377FV92;
				GENERATE_INFOPLIST_FILE = YES;
				IPHONEOS_DEPLOYMENT_TARGET = 18.0;
				MARKETING_VERSION = 1.0;
				PRODUCT_BUNDLE_IDENTIFIER = com.dharmamithra.Tdd1Tests;
				PRODUCT_NAME = "$(TARGET_NAME)";
				SWIFT_EMIT_LOC_STRINGS = NO;
				SWIFT_VERSION = 5.0;
				TARGETED_DEVICE_FAMILY = "1,2";
				TEST_HOST = "$(BUILT_PRODUCTS_DIR)/Tdd1.app/$(BUNDLE_EXECUTABLE_FOLDER_PATH)/Tdd1";
			};
			name = Release;
		};
		00722A752CF0ECAB00D474F6 /* Debug */ = {
			isa = XCBuildConfiguration;
			buildSettings = {
				CODE_SIGN_STYLE = Automatic;
				CURRENT_PROJECT_VERSION = 1;
				DEVELOPMENT_TEAM = AZ7377FV92;
				GENERATE_INFOPLIST_FILE = YES;
				MARKETING_VERSION = 1.0;
				PRODUCT_BUNDLE_IDENTIFIER = com.dharmamithra.Tdd1UITests;
				PRODUCT_NAME = "$(TARGET_NAME)";
				SWIFT_EMIT_LOC_STRINGS = NO;
				SWIFT_VERSION = 5.0;
				TARGETED_DEVICE_FAMILY = "1,2";
				TEST_TARGET_NAME = Tdd1;
			};
			name = Debug;
		};
		00722A762CF0ECAB00D474F6 /* Release */ = {
			isa = XCBuildConfiguration;
			buildSettings = {
				CODE_SIGN_STYLE = Automatic;
				CURRENT_PROJECT_VERSION = 1;
				DEVELOPMENT_TEAM = AZ7377FV92;
				GENERATE_INFOPLIST_FILE = YES;
				MARKETING_VERSION = 1.0;
				PRODUCT_BUNDLE_IDENTIFIER = com.dharmamithra.Tdd1UITests;
				PRODUCT_NAME = "$(TARGET_NAME)";
				SWIFT_EMIT_LOC_STRINGS = NO;
				SWIFT_VERSION = 5.0;
				TARGETED_DEVICE_FAMILY = "1,2";
				TEST_TARGET_NAME = Tdd1;
			};
			name = Release;
		};
/* End XCBuildConfiguration section */

/* Begin XCConfigurationList section */
		00722A3E2CF0ECA900D474F6 /* Build configuration list for PBXProject "Tdd1" */ = {
			isa = XCConfigurationList;
			buildConfigurations = (
				00722A6F2CF0ECAB00D474F6 /* Debug */,
				00722A702CF0ECAB00D474F6 /* Release */,
			);
			defaultConfigurationIsVisible = 0;
			defaultConfigurationName = Release;
		};
		00722A6C2CF0ECAB00D474F6 /* Build configuration list for PBXNativeTarget "Tdd1" */ = {
			isa = XCConfigurationList;
			buildConfigurations = (
				00722A6D2CF0ECAB00D474F6 /* Debug */,
				00722A6E2CF0ECAB00D474F6 /* Release */,
			);
			defaultConfigurationIsVisible = 0;
			defaultConfigurationName = Release;
		};
		00722A712CF0ECAB00D474F6 /* Build configuration list for PBXNativeTarget "Tdd1Tests" */ = {
			isa = XCConfigurationList;
			buildConfigurations = (
				00722A722CF0ECAB00D474F6 /* Debug */,
				00722A732CF0ECAB00D474F6 /* Release */,
			);
			defaultConfigurationIsVisible = 0;
			defaultConfigurationName = Release;
		};
		00722A742CF0ECAB00D474F6 /* Build configuration list for PBXNativeTarget "Tdd1UITests" */ = {
			isa = XCConfigurationList;
			buildConfigurations = (
				00722A752CF0ECAB00D474F6 /* Debug */,
				00722A762CF0ECAB00D474F6 /* Release */,
			);
			defaultConfigurationIsVisible = 0;
			defaultConfigurationName = Release;
		};
/* End XCConfigurationList section */
	};
	rootObject = 00722A3B2CF0ECA900D474F6 /* Project object */;
}
